
Microsoft Visual Studio Solution File, Format Version 12.00
# Visual Studio Version 17
VisualStudioVersion = 17.0.32126.317
MinimumVisualStudioVersion = 10.0.40219.1
Project("{2150E333-8FDC-42A3-9474-1A3956D46DE8}") = "FunctionApps", "FunctionApps", "{47F28B4F-07FA-409B-9621-CF49B3D7F1F4}"
EndProject
Project("{FAE04EC0-301F-11D3-BF4B-00C04F79EFBC}") = "FundooNotesMicroservices.Models", "FundooNotesMicroservices.Models\FundooNotesMicroservices.Models.csproj", "{D89E21F2-3E99-4BAF-9F0A-A61ECF45E497}"
EndProject
Project("{FAE04EC0-301F-11D3-BF4B-00C04F79EFBC}") = "FundooNotesMicroservices.Shared", "FundooNotesMicroservices.Shared\FundooNotesMicroservices.Shared.csproj", "{A8145F15-0839-4842-A0F2-C389B0337F82}"
EndProject
Project("{FAE04EC0-301F-11D3-BF4B-00C04F79EFBC}") = "FundooNotesMicroservices.AzureFunctions.Users", "FundooNotesMicroservices.AzureFunctions.Users\FundooNotesMicroservices.AzureFunctions.Users.csproj", "{6DC58BCB-908C-4106-8E10-DE2A54177F5C}"
EndProject
Project("{FAE04EC0-301F-11D3-BF4B-00C04F79EFBC}") = "FundooNotesMicroservices.AzureFunctions.Notes", "FundooNotesMicroservices.AzureFunctions.Notes\FundooNotesMicroservices.AzureFunctions.Notes.csproj", "{B524735E-716F-4D1F-9B06-A8E8476795CA}"
EndProject
Global
	GlobalSection(SolutionConfigurationPlatforms) = preSolution
		Debug|Any CPU = Debug|Any CPU
		Release|Any CPU = Release|Any CPU
	EndGlobalSection
	GlobalSection(ProjectConfigurationPlatforms) = postSolution
		{D89E21F2-3E99-4BAF-9F0A-A61ECF45E497}.Debug|Any CPU.ActiveCfg = Debug|Any CPU
		{D89E21F2-3E99-4BAF-9F0A-A61ECF45E497}.Debug|Any CPU.Build.0 = Debug|Any CPU
		{D89E21F2-3E99-4BAF-9F0A-A61ECF45E497}.Release|Any CPU.ActiveCfg = Release|Any CPU
		{D89E21F2-3E99-4BAF-9F0A-A61ECF45E497}.Release|Any CPU.Build.0 = Release|Any CPU
		{A8145F15-0839-4842-A0F2-C389B0337F82}.Debug|Any CPU.ActiveCfg = Debug|Any CPU
		{A8145F15-0839-4842-A0F2-C389B0337F82}.Debug|Any CPU.Build.0 = Debug|Any CPU
		{A8145F15-0839-4842-A0F2-C389B0337F82}.Release|Any CPU.ActiveCfg = Release|Any CPU
		{A8145F15-0839-4842-A0F2-C389B0337F82}.Release|Any CPU.Build.0 = Release|Any CPU
		{6DC58BCB-908C-4106-8E10-DE2A54177F5C}.Debug|Any CPU.ActiveCfg = Debug|Any CPU
		{6DC58BCB-908C-4106-8E10-DE2A54177F5C}.Debug|Any CPU.Build.0 = Debug|Any CPU
		{6DC58BCB-908C-4106-8E10-DE2A54177F5C}.Release|Any CPU.ActiveCfg = Release|Any CPU
		{6DC58BCB-908C-4106-8E10-DE2A54177F5C}.Release|Any CPU.Build.0 = Release|Any CPU
		{B524735E-716F-4D1F-9B06-A8E8476795CA}.Debug|Any CPU.ActiveCfg = Debug|Any CPU
		{B524735E-716F-4D1F-9B06-A8E8476795CA}.Debug|Any CPU.Build.0 = Debug|Any CPU
		{B524735E-716F-4D1F-9B06-A8E8476795CA}.Release|Any CPU.ActiveCfg = Release|Any CPU
		{B524735E-716F-4D1F-9B06-A8E8476795CA}.Release|Any CPU.Build.0 = Release|Any CPU
	EndGlobalSection
	GlobalSection(SolutionProperties) = preSolution
		HideSolutionNode = FALSE
	EndGlobalSection
	GlobalSection(NestedProjects) = preSolution
		{6DC58BCB-908C-4106-8E10-DE2A54177F5C} = {47F28B4F-07FA-409B-9621-CF49B3D7F1F4}
		{B524735E-716F-4D1F-9B06-A8E8476795CA} = {47F28B4F-07FA-409B-9621-CF49B3D7F1F4}
	EndGlobalSection
	GlobalSection(ExtensibilityGlobals) = postSolution
		SolutionGuid = {096BE46F-4D74-4CA2-B9FF-8E7065DA11AB}
	EndGlobalSection
EndGlobal
